
Microsoft Visual Studio Solution File, Format Version 12.00
Project("{FAE04EC0-301F-11D3-BF4B-00C04F79EFBC}") = "FinanceHelper.Api", "FinanceHelper\FinanceHelper.Api\FinanceHelper.Api.csproj", "{B363F3AE-0754-4F8A-8B9E-A7B692B3BFEE}"
EndProject
Project("{FAE04EC0-301F-11D3-BF4B-00C04F79EFBC}") = "FinanceHelper.Application", "FinanceHelper\FinanceHelper.Application\FinanceHelper.Application.csproj", "{3EFE511E-C3B6-4DFD-AADA-E1EE04A479C1}"
EndProject
Project("{FAE04EC0-301F-11D3-BF4B-00C04F79EFBC}") = "FinanceHelper.Domain", "FinanceHelper\FinanceHelper.Domain\FinanceHelper.Domain.csproj", "{3639035E-E5AC-400F-B3AD-E0B85A2FE368}"
EndProject
Project("{FAE04EC0-301F-11D3-BF4B-00C04F79EFBC}") = "FinanceHelper.Persistence", "FinanceHelper\FinanceHelper.Persistence\FinanceHelper.Persistence.csproj", "{4DC90053-B296-4018-A161-F79FEBFE15FC}"
EndProject
Project("{FAE04EC0-301F-11D3-BF4B-00C04F79EFBC}") = "FinanceHelper.Shared", "FinanceHelper\FinanceHelper.Shared\FinanceHelper.Shared.csproj", "{33F70699-DD8B-4E2B-9B91-6A338950ACE3}"
EndProject
Project("{FAE04EC0-301F-11D3-BF4B-00C04F79EFBC}") = "FinanceHelper.Application.UnitTesting", "FinanceHelper.Application.UnitTesting\FinanceHelper.Application.UnitTesting.csproj", "{E71C0F29-0730-4E9B-94FB-F0C44D38EF56}"
EndProject
Global
	GlobalSection(SolutionConfigurationPlatforms) = preSolution
		Debug|Any CPU = Debug|Any CPU
		Release|Any CPU = Release|Any CPU
	EndGlobalSection
	GlobalSection(ProjectConfigurationPlatforms) = postSolution
		{B363F3AE-0754-4F8A-8B9E-A7B692B3BFEE}.Debug|Any CPU.ActiveCfg = Debug|Any CPU
		{B363F3AE-0754-4F8A-8B9E-A7B692B3BFEE}.Debug|Any CPU.Build.0 = Debug|Any CPU
		{B363F3AE-0754-4F8A-8B9E-A7B692B3BFEE}.Release|Any CPU.ActiveCfg = Release|Any CPU
		{B363F3AE-0754-4F8A-8B9E-A7B692B3BFEE}.Release|Any CPU.Build.0 = Release|Any CPU
		{3EFE511E-C3B6-4DFD-AADA-E1EE04A479C1}.Debug|Any CPU.ActiveCfg = Debug|Any CPU
		{3EFE511E-C3B6-4DFD-AADA-E1EE04A479C1}.Debug|Any CPU.Build.0 = Debug|Any CPU
		{3EFE511E-C3B6-4DFD-AADA-E1EE04A479C1}.Release|Any CPU.ActiveCfg = Release|Any CPU
		{3EFE511E-C3B6-4DFD-AADA-E1EE04A479C1}.Release|Any CPU.Build.0 = Release|Any CPU
		{3639035E-E5AC-400F-B3AD-E0B85A2FE368}.Debug|Any CPU.ActiveCfg = Debug|Any CPU
		{3639035E-E5AC-400F-B3AD-E0B85A2FE368}.Debug|Any CPU.Build.0 = Debug|Any CPU
		{3639035E-E5AC-400F-B3AD-E0B85A2FE368}.Release|Any CPU.ActiveCfg = Release|Any CPU
		{3639035E-E5AC-400F-B3AD-E0B85A2FE368}.Release|Any CPU.Build.0 = Release|Any CPU
		{4DC90053-B296-4018-A161-F79FEBFE15FC}.Debug|Any CPU.ActiveCfg = Debug|Any CPU
		{4DC90053-B296-4018-A161-F79FEBFE15FC}.Debug|Any CPU.Build.0 = Debug|Any CPU
		{4DC90053-B296-4018-A161-F79FEBFE15FC}.Release|Any CPU.ActiveCfg = Release|Any CPU
		{4DC90053-B296-4018-A161-F79FEBFE15FC}.Release|Any CPU.Build.0 = Release|Any CPU
		{33F70699-DD8B-4E2B-9B91-6A338950ACE3}.Debug|Any CPU.ActiveCfg = Debug|Any CPU
		{33F70699-DD8B-4E2B-9B91-6A338950ACE3}.Debug|Any CPU.Build.0 = Debug|Any CPU
		{33F70699-DD8B-4E2B-9B91-6A338950ACE3}.Release|Any CPU.ActiveCfg = Release|Any CPU
		{33F70699-DD8B-4E2B-9B91-6A338950ACE3}.Release|Any CPU.Build.0 = Release|Any CPU
		{E71C0F29-0730-4E9B-94FB-F0C44D38EF56}.Debug|Any CPU.ActiveCfg = Debug|Any CPU
		{E71C0F29-0730-4E9B-94FB-F0C44D38EF56}.Debug|Any CPU.Build.0 = Debug|Any CPU
		{E71C0F29-0730-4E9B-94FB-F0C44D38EF56}.Release|Any CPU.ActiveCfg = Release|Any CPU
		{E71C0F29-0730-4E9B-94FB-F0C44D38EF56}.Release|Any CPU.Build.0 = Release|Any CPU
	EndGlobalSection
EndGlobal
